
Microsoft Visual Studio Solution File, Format Version 12.00
# Visual Studio Version 17
VisualStudioVersion = 17.10.35122.118
MinimumVisualStudioVersion = 10.0.40219.1
Project("{FAE04EC0-301F-11D3-BF4B-00C04F79EFBC}") = "ChessMate pro", "ChessMate pro\ChessMate pro.csproj", "{FB030ADC-FB5C-4E32-9D4F-F5EB08C050DA}"
EndProject
Global
	GlobalSection(SolutionConfigurationPlatforms) = preSolution
		Debug|Any CPU = Debug|Any CPU
		Release|Any CPU = Release|Any CPU
	EndGlobalSection
	GlobalSection(ProjectConfigurationPlatforms) = postSolution
		{FB030ADC-FB5C-4E32-9D4F-F5EB08C050DA}.Debug|Any CPU.ActiveCfg = Debug|Any CPU
		{FB030ADC-FB5C-4E32-9D4F-F5EB08C050DA}.Debug|Any CPU.Build.0 = Debug|Any CPU
		{FB030ADC-FB5C-4E32-9D4F-F5EB08C050DA}.Release|Any CPU.ActiveCfg = Release|Any CPU
		{FB030ADC-FB5C-4E32-9D4F-F5EB08C050DA}.Release|Any CPU.Build.0 = Release|Any CPU
	EndGlobalSection
	GlobalSection(SolutionProperties) = preSolution
		HideSolutionNode = FALSE
	EndGlobalSection
	GlobalSection(ExtensibilityGlobals) = postSolution
		SolutionGuid = {75F9B12D-86B9-4A78-89CE-4B34E3458FCF}
	EndGlobalSection
EndGlobal
